
Microsoft Visual Studio Solution File, Format Version 12.00
# Visual Studio 2012
Project("{FAE04EC0-301F-11D3-BF4B-00C04F79EFBC}") = "StoryboardSplitView", "StoryboardSplitView\StoryboardSplitView.csproj", "{ED8AB648-0299-4F60-84D9-BBCD8BEF1986}"
EndProject
Global
	GlobalSection(SolutionConfigurationPlatforms) = preSolution
		Debug|iPhoneSimulator = Debug|iPhoneSimulator
		Release|iPhoneSimulator = Release|iPhoneSimulator
		Debug|iPhone = Debug|iPhone
		Release|iPhone = Release|iPhone
		Ad-Hoc|iPhone = Ad-Hoc|iPhone
		AppStore|iPhone = AppStore|iPhone
	EndGlobalSection
	GlobalSection(ProjectConfigurationPlatforms) = postSolution
		{ED8AB648-0299-4F60-84D9-BBCD8BEF1986}.Ad-Hoc|iPhone.ActiveCfg = Ad-Hoc|iPhone
		{ED8AB648-0299-4F60-84D9-BBCD8BEF1986}.Ad-Hoc|iPhone.Build.0 = Ad-Hoc|iPhone
		{ED8AB648-0299-4F60-84D9-BBCD8BEF1986}.AppStore|iPhone.ActiveCfg = AppStore|iPhone
		{ED8AB648-0299-4F60-84D9-BBCD8BEF1986}.AppStore|iPhone.Build.0 = AppStore|iPhone
		{ED8AB648-0299-4F60-84D9-BBCD8BEF1986}.Debug|iPhone.ActiveCfg = Debug|iPhone
		{ED8AB648-0299-4F60-84D9-BBCD8BEF1986}.Debug|iPhone.Build.0 = Debug|iPhone
		{ED8AB648-0299-4F60-84D9-BBCD8BEF1986}.Debug|iPhoneSimulator.ActiveCfg = Debug|iPhoneSimulator
		{ED8AB648-0299-4F60-84D9-BBCD8BEF1986}.Debug|iPhoneSimulator.Build.0 = Debug|iPhoneSimulator
		{ED8AB648-0299-4F60-84D9-BBCD8BEF1986}.Release|iPhone.ActiveCfg = Release|iPhone
		{ED8AB648-0299-4F60-84D9-BBCD8BEF1986}.Release|iPhone.Build.0 = Release|iPhone
		{ED8AB648-0299-4F60-84D9-BBCD8BEF1986}.Release|iPhoneSimulator.ActiveCfg = Release|iPhoneSimulator
		{ED8AB648-0299-4F60-84D9-BBCD8BEF1986}.Release|iPhoneSimulator.Build.0 = Release|iPhoneSimulator
	EndGlobalSection
EndGlobal
